
Microsoft Visual Studio Solution File, Format Version 12.00
# Visual Studio Version 17
VisualStudioVersion = 17.14.36414.22 d17.14
MinimumVisualStudioVersion = 10.0.40219.1
Project("{FAE04EC0-301F-11D3-BF4B-00C04F79EFBC}") = "WinFormsApp1", "WinFormsApp1\WinFormsApp1.csproj", "{DADCFE65-992B-469B-9BB2-D085256E677F}"
EndProject
Global
	GlobalSection(SolutionConfigurationPlatforms) = preSolution
		Debug|Any CPU = Debug|Any CPU
		Release|Any CPU = Release|Any CPU
	EndGlobalSection
	GlobalSection(ProjectConfigurationPlatforms) = postSolution
		{DADCFE65-992B-469B-9BB2-D085256E677F}.Debug|Any CPU.ActiveCfg = Debug|Any CPU
		{DADCFE65-992B-469B-9BB2-D085256E677F}.Debug|Any CPU.Build.0 = Debug|Any CPU
		{DADCFE65-992B-469B-9BB2-D085256E677F}.Release|Any CPU.ActiveCfg = Release|Any CPU
		{DADCFE65-992B-469B-9BB2-D085256E677F}.Release|Any CPU.Build.0 = Release|Any CPU
	EndGlobalSection
	GlobalSection(SolutionProperties) = preSolution
		HideSolutionNode = FALSE
	EndGlobalSection
	GlobalSection(ExtensibilityGlobals) = postSolution
		SolutionGuid = {CC56CA48-1C18-45B0-906D-96C7AE9AACBA}
	EndGlobalSection
EndGlobal
